{
  "name": "mwparserfromhell",
  "version": "1.0.0",
  "lockfileVersion": 2,
  "requires": true,
  "packages": {
    "": {
      "version": "1.0.0",
      "license": "ISC",
      "dependencies": {
        "@types/pegjs": "^0.10.3",
        "pegjs": "^0.10.0"
      },
      "devDependencies": {
        "@types/node": "^16.3.1"
      }
    },
    "node_modules/@types/node": {
      "version": "16.3.3",
      "resolved": "https://registry.npmjs.org/@types/node/-/node-16.3.3.tgz",
      "integrity": "sha512-8h7k1YgQKxKXWckzFCMfsIwn0Y61UK6tlD6y2lOb3hTOIMlK3t9/QwHOhc81TwU+RMf0As5fj7NPjroERCnejQ==",
      "dev": true
    },
    "node_modules/@types/pegjs": {
      "version": "0.10.3",
      "resolved": "https://registry.npmjs.org/@types/pegjs/-/pegjs-0.10.3.tgz",
      "integrity": "sha512-C/ZkUNe7HONOaDHXfNTZOUzrOvOgrWdrJj1JZ3QTEPi5gOIygcjCpXyxpdJTKVvWFzbobajRbMbQY8d0WrZ6fg=="
    },
    "node_modules/pegjs": {
      "version": "0.10.0",
      "resolved": "https://registry.npmjs.org/pegjs/-/pegjs-0.10.0.tgz",
      "integrity": "sha1-z4uvrm7d/0tafvsYUmnqr0YQ3b0=",
      "bin": {
        "pegjs": "bin/pegjs"
      },
      "engines": {
        "node": ">=0.10"
      }
    }
  },
  "dependencies": {
    "@types/node": {
      "version": "16.3.3",
      "resolved": "https://registry.npmjs.org/@types/node/-/node-16.3.3.tgz",
      "integrity": "sha512-8h7k1YgQKxKXWckzFCMfsIwn0Y61UK6tlD6y2lOb3hTOIMlK3t9/QwHOhc81TwU+RMf0As5fj7NPjroERCnejQ==",
      "dev": true
    },
    "@types/pegjs": {
      "version": "0.10.3",
      "resolved": "https://registry.npmjs.org/@types/pegjs/-/pegjs-0.10.3.tgz",
      "integrity": "sha512-C/ZkUNe7HONOaDHXfNTZOUzrOvOgrWdrJj1JZ3QTEPi5gOIygcjCpXyxpdJTKVvWFzbobajRbMbQY8d0WrZ6fg=="
    },
    "pegjs": {
      "version": "0.10.0",
      "resolved": "https://registry.npmjs.org/pegjs/-/pegjs-0.10.0.tgz",
      "integrity": "sha1-z4uvrm7d/0tafvsYUmnqr0YQ3b0="
    }
  }
}
